
Microsoft Visual Studio Solution File, Format Version 12.00
# Visual Studio Version 17
VisualStudioVersion = 17.13.35931.197 d17.13
MinimumVisualStudioVersion = 10.0.40219.1
Project("{FAE04EC0-301F-11D3-BF4B-00C04F79EFBC}") = "CapaPresentacionAdmin", "CapaPresentacionAdmin\CapaPresentacionAdmin.csproj", "{E4495656-40CC-45C4-80D5-6466985AD9C4}"
EndProject
Project("{FAE04EC0-301F-11D3-BF4B-00C04F79EFBC}") = "CapaPresentacionTienda", "CapaPresentacionTienda\CapaPresentacionTienda.csproj", "{C267EFA4-E9E4-491E-BDF7-85D0477AF883}"
EndProject
Project("{FAE04EC0-301F-11D3-BF4B-00C04F79EFBC}") = "CapaDatos", "CapaDatos\CapaDatos.csproj", "{021E598F-C5E1-410F-BA15-91A234D602BD}"
EndProject
Project("{FAE04EC0-301F-11D3-BF4B-00C04F79EFBC}") = "CapaEntidad", "CapaEntidad\CapaEntidad.csproj", "{C3C5FBE6-A97B-4F02-B6EF-0CF36929378E}"
EndProject
Project("{FAE04EC0-301F-11D3-BF4B-00C04F79EFBC}") = "CapaNegocio", "CapaNegocio\CapaNegocio.csproj", "{C0DD5677-8335-47F0-9E86-874C230902BA}"
EndProject
Global
	GlobalSection(SolutionConfigurationPlatforms) = preSolution
		Debug|Any CPU = Debug|Any CPU
		Release|Any CPU = Release|Any CPU
	EndGlobalSection
	GlobalSection(ProjectConfigurationPlatforms) = postSolution
		{E4495656-40CC-45C4-80D5-6466985AD9C4}.Debug|Any CPU.ActiveCfg = Debug|Any CPU
		{E4495656-40CC-45C4-80D5-6466985AD9C4}.Debug|Any CPU.Build.0 = Debug|Any CPU
		{E4495656-40CC-45C4-80D5-6466985AD9C4}.Release|Any CPU.ActiveCfg = Release|Any CPU
		{E4495656-40CC-45C4-80D5-6466985AD9C4}.Release|Any CPU.Build.0 = Release|Any CPU
		{C267EFA4-E9E4-491E-BDF7-85D0477AF883}.Debug|Any CPU.ActiveCfg = Debug|Any CPU
		{C267EFA4-E9E4-491E-BDF7-85D0477AF883}.Debug|Any CPU.Build.0 = Debug|Any CPU
		{C267EFA4-E9E4-491E-BDF7-85D0477AF883}.Release|Any CPU.ActiveCfg = Release|Any CPU
		{C267EFA4-E9E4-491E-BDF7-85D0477AF883}.Release|Any CPU.Build.0 = Release|Any CPU
		{021E598F-C5E1-410F-BA15-91A234D602BD}.Debug|Any CPU.ActiveCfg = Debug|Any CPU
		{021E598F-C5E1-410F-BA15-91A234D602BD}.Debug|Any CPU.Build.0 = Debug|Any CPU
		{021E598F-C5E1-410F-BA15-91A234D602BD}.Release|Any CPU.ActiveCfg = Release|Any CPU
		{021E598F-C5E1-410F-BA15-91A234D602BD}.Release|Any CPU.Build.0 = Release|Any CPU
		{C3C5FBE6-A97B-4F02-B6EF-0CF36929378E}.Debug|Any CPU.ActiveCfg = Debug|Any CPU
		{C3C5FBE6-A97B-4F02-B6EF-0CF36929378E}.Debug|Any CPU.Build.0 = Debug|Any CPU
		{C3C5FBE6-A97B-4F02-B6EF-0CF36929378E}.Release|Any CPU.ActiveCfg = Release|Any CPU
		{C3C5FBE6-A97B-4F02-B6EF-0CF36929378E}.Release|Any CPU.Build.0 = Release|Any CPU
		{C0DD5677-8335-47F0-9E86-874C230902BA}.Debug|Any CPU.ActiveCfg = Debug|Any CPU
		{C0DD5677-8335-47F0-9E86-874C230902BA}.Debug|Any CPU.Build.0 = Debug|Any CPU
		{C0DD5677-8335-47F0-9E86-874C230902BA}.Release|Any CPU.ActiveCfg = Release|Any CPU
		{C0DD5677-8335-47F0-9E86-874C230902BA}.Release|Any CPU.Build.0 = Release|Any CPU
	EndGlobalSection
	GlobalSection(SolutionProperties) = preSolution
		HideSolutionNode = FALSE
	EndGlobalSection
	GlobalSection(ExtensibilityGlobals) = postSolution
		SolutionGuid = {7BE54E37-3232-4C46-A9EF-F544C6BF82DC}
	EndGlobalSection
EndGlobal
